
Microsoft Visual Studio Solution File, Format Version 12.00
# Visual Studio Version 17
VisualStudioVersion = 17.2.32630.192
MinimumVisualStudioVersion = 10.0.40219.1
Project("{FAE04EC0-301F-11D3-BF4B-00C04F79EFBC}") = "MCM6000_UI", "MCM6000_UI\MCM6000_UI.csproj", "{BF576E89-7686-483A-A852-1721119146DB}"
EndProject
Global
	GlobalSection(SolutionConfigurationPlatforms) = preSolution
		Debug|Any CPU = Debug|Any CPU
		Debug|x64 = Debug|x64
		Release|Any CPU = Release|Any CPU
		Release|x64 = Release|x64
	EndGlobalSection
	GlobalSection(ProjectConfigurationPlatforms) = postSolution
		{BF576E89-7686-483A-A852-1721119146DB}.Debug|Any CPU.ActiveCfg = Debug|Any CPU
		{BF576E89-7686-483A-A852-1721119146DB}.Debug|Any CPU.Build.0 = Debug|Any CPU
		{BF576E89-7686-483A-A852-1721119146DB}.Debug|x64.ActiveCfg = Debug|x64
		{BF576E89-7686-483A-A852-1721119146DB}.Debug|x64.Build.0 = Debug|x64
		{BF576E89-7686-483A-A852-1721119146DB}.Release|Any CPU.ActiveCfg = Release|Any CPU
		{BF576E89-7686-483A-A852-1721119146DB}.Release|Any CPU.Build.0 = Release|Any CPU
		{BF576E89-7686-483A-A852-1721119146DB}.Release|x64.ActiveCfg = Release|x64
		{BF576E89-7686-483A-A852-1721119146DB}.Release|x64.Build.0 = Release|x64
	EndGlobalSection
	GlobalSection(SolutionProperties) = preSolution
		HideSolutionNode = FALSE
	EndGlobalSection
	GlobalSection(ExtensibilityGlobals) = postSolution
		SolutionGuid = {A50923CF-A69A-4BB4-9344-206BD178AE77}
	EndGlobalSection
EndGlobal
